{
  "name": "code-platform",
  "version": "0.0.0",
  "lockfileVersion": 3,
  "requires": true,
  "packages": {
    "": {
      "name": "code-platform",
      "version": "0.0.0",
      "workspaces": [
        "apps/*",
        "packages/*"
      ],
      "devDependencies": {
        "eslint-config-custom": "*",
        "prettier": "latest",
        "turbo": "latest"
      },
      "engines": {
        "node": ">=14.0.0"
      }
    },
    "apps/docs": {
      "version": "0.0.0",
      "dependencies": {
        "next": "^13.1.1",
        "react": "^18.2.0",
        "react-dom": "^18.2.0",
        "ui": "*"
      },
      "devDependencies": {
        "@babel/core": "^7.0.0",
        "@types/node": "^17.0.12",
        "@types/react": "^18.0.22",
        "@types/react-dom": "^18.0.7",
        "eslint": "7.32.0",
        "eslint-config-custom": "*",
        "tsconfig": "*",
        "typescript": "^4.5.3"
      }
    },
    "apps/node-client": {
      "version": "1.0.0",
      "license": "ISC",
      "dependencies": {
        "express": "^4.18.2"
      }
    },
    "apps/web": {
      "version": "0.0.0",
      "dependencies": {
        "@monaco-editor/react": "^4.4.6",
        "monaco-editor": "^0.37.0",
        "next": "^13.1.1",
        "react": "^18.2.0",
        "react-dom": "^18.2.0",
        "ui": "*",
        "use-debounce": "^9.0.4"
      },
      "devDependencies": {
        "@babel/core": "^7.0.0",
        "@types/node": "^18.11.14",
        "@types/react": "^18.0.22",
        "@types/react-dom": "^18.0.7",
        "eslint": "^8.29.0",
        "eslint-config-custom": "*",
        "eslint-config-next": "^13.0.7",
        "eslint-config-prettier": "^8.5.0",
        "typescript": "^4.9.4"
      }
    },
    "apps/web/node_modules/@eslint-community/eslint-utils": {
      "version": "4.4.0",
      "resolved": "https://registry.npmjs.org/@eslint-community/eslint-utils/-/eslint-utils-4.4.0.tgz",
      "integrity": "sha512-1/sA4dwrzBAyeUoQ6oxahHKmrZvsnLCg4RfxW3ZFGGmQkSNQPFNLV9CUEFQP1x9EYXHTo5p6xdhZM1Ne9p/AfA==",
      "dev": true,
      "license": "MIT",
      "dependencies": {
        "eslint-visitor-keys": "^3.3.0"
      },
      "engines": {
        "node": "^12.22.0 || ^14.17.0 || >=16.0.0"
      },
      "peerDependencies": {
        "eslint": "^6.0.0 || ^7.0.0 || >=8.0.0"
      }
    },
    "apps/web/node_modules/@eslint/eslintrc": {
      "version": "2.0.2",
      "resolved": "https://registry.npmjs.org/@eslint/eslintrc/-/eslintrc-2.0.2.tgz",
      "integrity": "sha512-3W4f5tDUra+pA+FzgugqL2pRimUTDJWKr7BINqOpkZrC0uYI0NIc0/JFgBROCU07HR6GieA5m3/rsPIhDmCXTQ==",
      "dev": true,
      "license": "MIT",
      "dependencies": {
        "ajv": "^6.12.4",
        "debug": "^4.3.2",
        "espree": "^9.5.1",
        "globals": "^13.19.0",
        "ignore": "^5.2.0",
        "import-fresh": "^3.2.1",
        "js-yaml": "^4.1.0",
        "minimatch": "^3.1.2",
        "strip-json-comments": "^3.1.1"
      },
      "engines": {
        "node": "^12.22.0 || ^14.17.0 || >=16.0.0"
      },
      "funding": {
        "url": "https://opencollective.com/eslint"
      }
    },
    "apps/web/node_modules/@humanwhocodes/config-array": {
      "version": "0.11.8",
      "resolved": "https://registry.npmjs.org/@humanwhocodes/config-array/-/config-array-0.11.8.tgz",
      "integrity": "sha512-UybHIJzJnR5Qc/MsD9Kr+RpO2h+/P1GhOwdiLPXK5TWk5sgTdu88bTD9UP+CKbPPh5Rni1u0GjAdYQLemG8g+g==",
      "dev": true,
      "license": "Apache-2.0",
      "dependencies": {
        "@humanwhocodes/object-schema": "^1.2.1",
        "debug": "^4.1.1",
        "minimatch": "^3.0.5"
      },
      "engines": {
        "node": ">=10.10.0"
      }
    },
    "apps/web/node_modules/@next/eslint-plugin-next": {
      "version": "13.2.4",
      "resolved": "https://registry.npmjs.org/@next/eslint-plugi