{
  "name": "code-platform",
  "version": "0.0.0",
  "lockfileVersion": 3,
  "requires": true,
  "packages": {
    "": {
      "name": "code-platform",
      "version": "0.0.0",
      "workspaces": [
        "apps/*",
        "packages/*"
      ],
      "devDependencies": {
        "eslint-config-custom": "*",
        "prettier": "latest",
        "turbo": "latest"
      },
      "engines": {
        "node": ">=14.0.0"
      }
    },
    "apps/docs": {
      "version": "0.0.0",
      "dependencies": {
        "next": "^13.1.1",
        "react": "^18.2.0",
        "react-dom": "^18.2.0",
        "ui": "*"
      },
      "devDependencies": {
        "@babel/core": "^7.0.0",
        "@types/node": "^1